<?xml version="1.0" encoding="utf-8"?>
<Project ToolsVersion="4.0" xmlns="http://schemas.microsoft.com/developer/msbuild/2003">
  <ItemGroup>
    <ClCompile Include="pch.cpp" />
    <ClCompile Include="SDSApp.cpp" />
    <ClCompile Include="SDSBuffer.cpp" />
    <ClCompile Include="SDSClient.cpp" />
    <ClCompile Include="SDSException.cpp" />
    <ClCompile Include="SDSServer.cpp" />
    <ClCompile Include="SDSSocketUtil.cpp" />
    <ClCompile Include="SDSWorker.cpp" />
  </ItemGroup>
  <ItemGroup>
    <ClInclude Include="framework.h" />
    <ClInclude Include="ISDSWorkUnit.h" />
    <ClInclude Include="pch.h" />
    <ClInclude Include="SDSApp.h" />
    <ClInclude Include="SDSBuffer.h" />
    <ClInclude Include="SDSClient.h" />
    <ClInclude Include="SDSException.h" />
    <ClInclude Include="SDSServer.h" />
    <ClInclude Include="SDSSocketUtil.h" />
    <ClInclude Include="SDSWorker.h" />
    <ClInclude Include="synchronized.h" />
  </ItemGroup>
  <ItemGroup>
    <None Include="cpp.hint" />
  </ItemGroup>
</Project>